
Microsoft Visual Studio Solution File, Format Version 12.00
# Visual Studio 15
VisualStudioVersion = 15.0.28307.572
MinimumVisualStudioVersion = 10.0.40219.1
Project("{FAE04EC0-301F-11D3-BF4B-00C04F79EFBC}") = "Examen", "Examen\Examen.csproj", "{DE38CBB6-CD02-425F-89FD-A4F555BB3419}"
EndProject
Project("{FAE04EC0-301F-11D3-BF4B-00C04F79EFBC}") = "WebApiTests", "WebApiTests\WebApiTests.csproj", "{2480F490-C981-4EBB-81E9-12823064DEA3}"
EndProject
Global
	GlobalSection(SolutionConfigurationPlatforms) = preSolution
		Debug|Any CPU = Debug|Any CPU
		Release|Any CPU = Release|Any CPU
	EndGlobalSection
	GlobalSection(ProjectConfigurationPlatforms) = postSolution
		{DE38CBB6-CD02-425F-89FD-A4F555BB3419}.Debug|Any CPU.ActiveCfg = Debug|Any CPU
		{DE38CBB6-CD02-425F-89FD-A4F555BB3419}.Debug|Any CPU.Build.0 = Debug|Any CPU
		{DE38CBB6-CD02-425F-89FD-A4F555BB3419}.Release|Any CPU.ActiveCfg = Release|Any CPU
		{DE38CBB6-CD02-425F-89FD-A4F555BB3419}.Release|Any CPU.Build.0 = Release|Any CPU
		{2480F490-C981-4EBB-81E9-12823064DEA3}.Debug|Any CPU.ActiveCfg = Debug|Any CPU
		{2480F490-C981-4EBB-81E9-12823064DEA3}.Debug|Any CPU.Build.0 = Debug|Any CPU
		{2480F490-C981-4EBB-81E9-12823064DEA3}.Release|Any CPU.ActiveCfg = Release|Any CPU
		{2480F490-C981-4EBB-81E9-12823064DEA3}.Release|Any CPU.Build.0 = Release|Any CPU
	EndGlobalSection
	GlobalSection(SolutionProperties) = preSolution
		HideSolutionNode = FALSE
	EndGlobalSection
	GlobalSection(ExtensibilityGlobals) = postSolution
		SolutionGuid = {2AFB8A9F-7494-4F55-A730-7AB195318BF0}
	EndGlobalSection
EndGlobal
